
Microsoft Visual Studio Solution File, Format Version 12.00
# Visual Studio Version 17
VisualStudioVersion = 17.7.34031.279
MinimumVisualStudioVersion = 10.0.40219.1
Project("{9A19103F-16F7-4668-BE54-9A1E7A4F7556}") = "Service1", "Microservices\Service1.csproj", "{A9B03762-DDA7-4210-90F7-10E32F884BAD}"
	ProjectSection(ProjectDependencies) = postProject
		{00CA1D18-A36D-4554-9E49-A903B9D333DB} = {00CA1D18-A36D-4554-9E49-A903B9D333DB}
		{2AAFBFF2-DC0E-4E25-A281-8904B5549D4F} = {2AAFBFF2-DC0E-4E25-A281-8904B5549D4F}
		{71389D0C-BFB5-471C-9298-182654971B9E} = {71389D0C-BFB5-471C-9298-182654971B9E}
		{D0898818-C999-4594-BAC7-A9238ED3A3B1} = {D0898818-C999-4594-BAC7-A9238ED3A3B1}
	EndProjectSection
EndProject
Project("{2150E333-8FDC-42A3-9474-1A3956D46DE8}") = "API1", "API1", "{88404742-F25A-4ADD-AEC6-5A70AF59710D}"
EndProject
Project("{9A19103F-16F7-4668-BE54-9A1E7A4F7556}") = "Application", "Application\Application.csproj", "{00CA1D18-A36D-4554-9E49-A903B9D333DB}"
EndProject
Project("{9A19103F-16F7-4668-BE54-9A1E7A4F7556}") = "Domain", "Domain\Domain.csproj", "{D0898818-C999-4594-BAC7-A9238ED3A3B1}"
EndProject
Project("{9A19103F-16F7-4668-BE54-9A1E7A4F7556}") = "Infrastucture", "Infrastucture\Infrastucture.csproj", "{71389D0C-BFB5-471C-9298-182654971B9E}"
EndProject
Project("{2150E333-8FDC-42A3-9474-1A3956D46DE8}") = "API2", "API2", "{98E7064A-7C75-4453-9D47-E447DD9F89AD}"
EndProject
Project("{9A19103F-16F7-4668-BE54-9A1E7A4F7556}") = "Application2", "Application2\Application2.csproj", "{E740697F-1E74-4CB1-9658-6ACBB89ECD51}"
EndProject
Project("{9A19103F-16F7-4668-BE54-9A1E7A4F7556}") = "Domain2", "Domain2\Domain2.csproj", "{8EB05CE8-F5CA-4E34-B490-822051E1AFFF}"
EndProject
Project("{9A19103F-16F7-4668-BE54-9A1E7A4F7556}") = "Infrastucture2", "Infrastucture2\Infrastucture2.csproj", "{F4B07929-0E6F-47A8-98BC-016275AA81A2}"
EndProject
Project("{9A19103F-16F7-4668-BE54-9A1E7A4F7556}") = "Service2", "Service2\Service2.csproj", "{2AAFBFF2-DC0E-4E25-A281-8904B5549D4F}"
	ProjectSection(ProjectDependencies) = postProject
		{8EB05CE8-F5CA-4E34-B490-822051E1AFFF} = {8EB05CE8-F5CA-4E34-B490-822051E1AFFF}
		{E740697F-1E74-4CB1-9658-6ACBB89ECD51} = {E740697F-1E74-4CB1-9658-6ACBB89ECD51}
		{F4B07929-0E6F-47A8-98BC-016275AA81A2} = {F4B07929-0E6F-47A8-98BC-016275AA81A2}
	EndProjectSection
EndProject
Project("{9A19103F-16F7-4668-BE54-9A1E7A4F7556}") = "Microservices_Implementation", "Microservices_Implementation\Microservices_Implementation.csproj", "{7CC4373D-70D1-4DB4-AD00-B333D3E6350A}"
EndProject
Project("{2150E333-8FDC-42A3-9474-1A3956D46DE8}") = "API3", "API3", "{BE85172B-6F2A-45C2-9CA1-8541763A4F74}"
EndProject
Project("{FAE04EC0-301F-11D3-BF4B-00C04F79EFBC}") = "Application3", "Application3\Application3.csproj", "{A8954D40-1B64-48A5-98BB-4EF58B10B044}"
EndProject
Project("{FAE04EC0-301F-11D3-BF4B-00C04F79EFBC}") = "Domain3", "Domain3\Domain3.csproj", "{6A7F0437-3F76-4F36-8201-E2DB5E3F9E29}"
EndProject
Project("{FAE04EC0-301F-11D3-BF4B-00C04F79EFBC}") = "Infrastructure3", "Infrastructure3\Infrastructure3.csproj", "{1C684ECB-2FE2-4196-B7ED-7938EC22BE5F}"
EndProject
Project("{FAE04EC0-301F-11D3-BF4B-00C04F79EFBC}") = "Service3", "Service3\Service3.csproj", "{3DD04926-88C6-444C-BC40-5DB355565401}"
	ProjectSection(ProjectDependencies) = postProject
		{1C684ECB-2FE2-4196-B7ED-7938EC22BE5F} = {1C684ECB-2FE2-4196-B7ED-7938EC22BE5F}
		{6A7F0437-3F76-4F36-8201-E2DB5E3F9E29} = {6A7F0437-3F76-4F36-8201-E2DB5E3F9E29}
		{A8954D40-1B64-48A5-98BB-4EF58B10B044} = {A8954D40-1B64-48A5-98BB-4EF58B10B044}
	EndProjectSection
EndProject
Global
	GlobalSection(SolutionConfigurationPlatforms) = preSolution
		Debug|Any CPU = Debug|Any CPU
		Release|Any CPU = Release|Any CPU
	EndGlobalSection
	GlobalSection(ProjectConfigurationPlatforms) = postSolution
		{A9B03762-DDA7-4210-90F7-10E32F884BAD}.Debug|Any CPU.ActiveCfg = Debug|Any CPU
		{A9B03762-DDA7-4210-90F7-10E32F884BAD}.Debug|Any CPU.Build.0 = Debug|Any CPU
		{A9B03762-DDA7-4210-90F7-10E32F884BAD}.Release|Any CPU.ActiveCfg = Release|Any CPU
		{A9B03762-DDA7-4210-90F7-10E32F884BAD}.Release|Any CPU.Build.0 = Release|Any CPU
		{00CA1D18-A36D-4554-9E49-A903B9D333DB}.Debug|Any CPU.ActiveCfg = Debug|Any CPU
		{00CA1D18-A36D-4554-9E49-A903B9D333DB}.Debug|Any CPU.Build.0 = Debug|Any CPU
		{00CA1D18-A36D-4554-9E49-A903B9D333DB}.Release|Any CPU.ActiveCfg = Release|Any CPU
		{00CA1D18-A36D-4554-9E49-A903B9D333DB}.Release|Any CPU.Build.0 = Release|Any CPU
		{D0898818-C999-4594-BAC7-A9238ED3A3B1}.Debug|Any CPU.ActiveCfg = Debug|Any CPU
		{D0898818-C999-4594-BAC7-A9238ED3A3B1}.Debug|Any CPU.Build.0 = Debug|Any CPU
		{D0898818-C999-4594-BAC7-A9238ED3A3B1}.Release|Any CPU.ActiveCfg = Release|Any CPU
		{D0898818-C999-4594-BAC7-A9238ED3A3B1}.Release|Any CPU.Build.0 = Release|Any CPU
		{71389D0C-BFB5-471C-9298-182654971B9E}.Debug|Any CPU.ActiveCfg = Debug|Any CPU
		{71389D0C-BFB5-471C-9298-182654971B9E}.Debug|Any CPU.Build.0 = Debug|Any CPU
		{71389D0C-BFB5-471C-9298-182654971B9E}.Release|Any CPU.ActiveCfg = Release|Any CPU
		{71389D0C-BFB5-471C-9298-182654971B9E}.Release|Any CPU.Build.0 = Release|Any CPU
		{E740697F-1E74-4CB1-9658-6ACBB89ECD51}.Debug|Any CPU.ActiveCfg = Debug|Any CPU
		{E740697F-1E74-4CB1-9658-6ACBB89ECD51}.Debug|Any CPU.Build.0 = Debug|Any CPU
		{E740697F-1E74-4CB1-9658-6ACBB89ECD51}.Release|Any CPU.ActiveCfg = Release|Any CPU
		{E740697F-1E74-4CB1-9658-6ACBB89ECD51}.Release|Any CPU.Build.0 = Release|Any CPU
		{8EB05CE8-F5CA-4E34-B490-822051E1AFFF}.Debug|Any CPU.ActiveCfg = Debug|Any CPU
		{8EB05CE8-F5CA-4E34-B490-822051E1AFFF}.Debug|Any CPU.Build.0 = Debug|Any CPU
		{8EB05CE8-F5CA-4E34-B490-822051E1AFFF}.Release|Any CPU.ActiveCfg = Release|Any CPU
		{8EB05CE8-F5CA-4E34-B490-822051E1AFFF}.Release|Any CPU.Build.0 = Release|Any CPU
		{F4B07929-0E6F-47A8-98BC-016275AA81A2}.Debug|Any CPU.ActiveCfg = Debug|Any CPU
		{F4B07929-0E6F-47A8-98BC-016275AA81A2}.Debug|Any CPU.Build.0 = Debug|Any CPU
		{F4B07929-0E6F-47A8-98BC-016275AA81A2}.Release|Any CPU.ActiveCfg = Release|Any CPU
		{F4B07929-0E6F-47A8-98BC-016275AA81A2}.Release|Any CPU.Build.0 = Release|Any CPU
		{2AAFBFF2-DC0E-4E25-A281-8904B5549D4F}.Debug|Any CPU.ActiveCfg = Debug|Any CPU
		{2AAFBFF2-DC0E-4E25-A281-8904B5549D4F}.Debug|Any CPU.Build.0 = Debug|Any CPU
		{2AAFBFF2-DC0E-4E25-A281-8904B5549D4F}.Release|Any CPU.ActiveCfg = Release|Any CPU
		{2AAFBFF2-DC0E-4E25-A281-8904B5549D4F}.Release|Any CPU.Build.0 = Release|Any CPU
		{7CC4373D-70D1-4DB4-AD00-B333D3E6350A}.Debug|Any CPU.ActiveCfg = Debug|Any CPU
		{7CC4373D-70D1-4DB4-AD00-B333D3E6350A}.Debug|Any CPU.Build.0 = Debug|Any CPU
		{7CC4373D-70D1-4DB4-AD00-B333D3E6350A}.Release|Any CPU.ActiveCfg = Release|Any CPU
		{7CC4373D-70D1-4DB4-AD00-B333D3E6350A}.Release|Any CPU.Build.0 = Release|Any CPU
		{A8954D40-1B64-48A5-98BB-4EF58B10B044}.Debug|Any CPU.ActiveCfg = Debug|Any CPU
		{A8954D40-1B64-48A5-98BB-4EF58B10B044}.Debug|Any CPU.Build.0 = Debug|Any CPU
		{A8954D40-1B64-48A5-98BB-4EF58B10B044}.Release|Any CPU.ActiveCfg = Release|Any CPU
		{A8954D40-1B64-48A5-98BB-4EF58B10B044}.Release|Any CPU.Build.0 = Release|Any CPU
		{6A7F0437-3F76-4F36-8201-E2DB5E3F9E29}.Debug|Any CPU.ActiveCfg = Debug|Any CPU
		{6A7F0437-3F76-4F36-8201-E2DB5E3F9E29}.Debug|Any CPU.Build.0 = Debug|Any CPU
		{6A7F0437-3F76-4F36-8201-E2DB5E3F9E29}.Release|Any CPU.ActiveCfg = Release|Any CPU
		{6A7F0437-3F76-4F36-8201-E2DB5E3F9E29}.Release|Any CPU.Build.0 = Release|Any CPU
		{1C684ECB-2FE2-4196-B7ED-7938EC22BE5F}.Debug|Any CPU.ActiveCfg = Debug|Any CPU
		{1C684ECB-2FE2-4196-B7ED-7938EC22BE5F}.Debug|Any CPU.Build.0 = Debug|Any CPU
		{1C684ECB-2FE2-4196-B7ED-7938EC22BE5F}.Release|Any CPU.ActiveCfg = Release|Any CPU
		{1C684ECB-2FE2-4196-B7ED-7938EC22BE5F}.Release|Any CPU.Build.0 = Release|Any CPU
		{3DD04926-88C6-444C-BC40-5DB355565401}.Debug|Any CPU.ActiveCfg = Debug|Any CPU
		{3DD04926-88C6-444C-BC40-5DB355565401}.Debug|Any CPU.Build.0 = Debug|Any CPU
		{3DD04926-88C6-444C-BC40-5DB355565401}.Release|Any CPU.ActiveCfg = Release|Any CPU
		{3DD04926-88C6-444C-BC40-5DB355565401}.Release|Any CPU.Build.0 = Release|Any CPU
	EndGlobalSection
	GlobalSection(SolutionProperties) = preSolution
		HideSolutionNode = FALSE
	EndGlobalSection
	GlobalSection(NestedProjects) = preSolution
		{A9B03762-DDA7-4210-90F7-10E32F884BAD} = {88404742-F25A-4ADD-AEC6-5A70AF59710D}
		{00CA1D18-A36D-4554-9E49-A903B9D333DB} = {88404742-F25A-4ADD-AEC6-5A70AF59710D}
		{D0898818-C999-4594-BAC7-A9238ED3A3B1} = {88404742-F25A-4ADD-AEC6-5A70AF59710D}
		{71389D0C-BFB5-471C-9298-182654971B9E} = {88404742-F25A-4ADD-AEC6-5A70AF59710D}
		{E740697F-1E74-4CB1-9658-6ACBB89ECD51} = {98E7064A-7C75-4453-9D47-E447DD9F89AD}
		{8EB05CE8-F5CA-4E34-B490-822051E1AFFF} = {98E7064A-7C75-4453-9D47-E447DD9F89AD}
		{F4B07929-0E6F-47A8-98BC-016275AA81A2} = {98E7064A-7C75-4453-9D47-E447DD9F89AD}
		{2AAFBFF2-DC0E-4E25-A281-8904B5549D4F} = {98E7064A-7C75-4453-9D47-E447DD9F89AD}
		{A8954D40-1B64-48A5-98BB-4EF58B10B044} = {BE85172B-6F2A-45C2-9CA1-8541763A4F74}
		{6A7F0437-3F76-4F36-8201-E2DB5E3F9E29} = {BE85172B-6F2A-45C2-9CA1-8541763A4F74}
		{1C684ECB-2FE2-4196-B7ED-7938EC22BE5F} = {BE85172B-6F2A-45C2-9CA1-8541763A4F74}
		{3DD04926-88C6-444C-BC40-5DB355565401} = {BE85172B-6F2A-45C2-9CA1-8541763A4F74}
	EndGlobalSection
	GlobalSection(ExtensibilityGlobals) = postSolution
		SolutionGuid = {1C295E06-BD4D-4807-836E-B8AA2FF62C94}
	EndGlobalSection
EndGlobal
